Microsoft Visual Studio Solution File, Format Version 11.00
# Visual Studio 2010
Project("{FAE04EC0-301F-11D3-BF4B-00C04F79EFBC}") = "FubuMVC.Json", "FubuMVC.Json\FubuMVC.Json.csproj", "{82E23B59-EC49-4D75-B655-0C6086F334C8}"
EndProject
Project("{FAE04EC0-301F-11D3-BF4B-00C04F79EFBC}") = "FubuMVC.Json.Tests", "FubuMVC.Json.Tests\FubuMVC.Json.Tests.csproj", "{9A5A2E9D-400E-4FBB-8D39-C3D27E1B1F2D}"
EndProject
Project("{FAE04EC0-301F-11D3-BF4B-00C04F79EFBC}") = "FubuMVC.Json.Docs", "FubuMVC.Json.Docs\FubuMVC.Json.Docs.csproj", "{6014FD05-ECFC-4AEE-ACA7-9A41D04F480F}"
EndProject
Global
	GlobalSection(SolutionConfigurationPlatforms) = preSolution
		Debug|Any CPU = Debug|Any CPU
		Release|Any CPU = Release|Any CPU
	EndGlobalSection
	GlobalSection(ProjectConfigurationPlatforms) = postSolution
		{82E23B59-EC49-4D75-B655-0C6086F334C8}.Debug|Any CPU.ActiveCfg = Debug|Any CPU
		{82E23B59-EC49-4D75-B655-0C6086F334C8}.Debug|Any CPU.Build.0 = Debug|Any CPU
		{82E23B59-EC49-4D75-B655-0C6086F334C8}.Release|Any CPU.ActiveCfg = Release|Any CPU
		{82E23B59-EC49-4D75-B655-0C6086F334C8}.Release|Any CPU.Build.0 = Release|Any CPU
		{9A5A2E9D-400E-4FBB-8D39-C3D27E1B1F2D}.Debug|Any CPU.ActiveCfg = Debug|Any CPU
		{9A5A2E9D-400E-4FBB-8D39-C3D27E1B1F2D}.Debug|Any CPU.Build.0 = Debug|Any CPU
		{9A5A2E9D-400E-4FBB-8D39-C3D27E1B1F2D}.Release|Any CPU.ActiveCfg = Release|Any CPU
		{9A5A2E9D-400E-4FBB-8D39-C3D27E1B1F2D}.Release|Any CPU.Build.0 = Release|Any CPU
		{6014FD05-ECFC-4AEE-ACA7-9A41D04F480F}.Debug|Any CPU.ActiveCfg = Debug|Any CPU
		{6014FD05-ECFC-4AEE-ACA7-9A41D04F480F}.Debug|Any CPU.Build.0 = Debug|Any CPU
		{6014FD05-ECFC-4AEE-ACA7-9A41D04F480F}.Release|Any CPU.ActiveCfg = Release|Any CPU
		{6014FD05-ECFC-4AEE-ACA7-9A41D04F480F}.Release|Any CPU.Build.0 = Release|Any CPU
	EndGlobalSection
	GlobalSection(SolutionProperties) = preSolution
		HideSolutionNode = FALSE
	EndGlobalSection
EndGlobal
